<?xml version="1.0" encoding="utf-8"?>
<Project ToolsVersion="4.0" xmlns="http://schemas.microsoft.com/developer/msbuild/2003">
  <ItemGroup>
    <Filter Include="Source Files">
      <UniqueIdentifier>{4FC737F1-C7A5-4376-A066-2A32D752A2FF}</UniqueIdentifier>
      <Extensions>cpp;c;cc;cxx;def;odl;idl;hpj;bat;asm;asmx</Extensions>
    </Filter>
    <Filter Include="Header Files">
      <UniqueIdentifier>{93995380-89BD-4b04-88EB-625FBE52EBFB}</UniqueIdentifier>
      <Extensions>h;hh;hpp;hxx;hm;inl;inc;xsd</Extensions>
    </Filter>
    <Filter Include="Misc Files">
      <UniqueIdentifier>{67DA6AB6-F800-4c08-8B7A-83BB121AAD01}</UniqueIdentifier>
      <Extensions>xml;json;txt;rc;ico;cur;bmp;dlg;rc2;rct;bin;rgs;gif;jpg;jpeg;jpe;resx;tiff;tif;png;wav;mfcribbon-ms</Extensions>
    </Filter>
  </ItemGroup>
  <ItemGroup>
    <None Include="LedMatrix.ino" />
    <None Include="src\arduino folders read me.txt">
      <Filter>Misc Files</Filter>
    </None>
  </ItemGroup>
  <ItemGroup>
    <ClCompile Include="LedStrip.cpp">
      <Filter>Source Files</Filter>
    </ClCompile>
    <ClCompile Include="Buffer.cpp">
      <Filter>Source Files</Filter>
    </ClCompile>
  </ItemGroup>
  <ItemGroup>
    <ClInclude Include="LedStrip.h">
      <Filter>Header Files</Filter>
    </ClInclude>
    <ClInclude Include="__vm\.LedMatrix.vsarduino.h">
      <Filter>Header Files</Filter>
    </ClInclude>
    <ClInclude Include="Buffer.h">
      <Filter>Header Files</Filter>
    </ClInclude>
    <ClInclude Include="src\FastLED-3.3.2\platforms\arm\common\m0clockless.h">
      <Filter>Header Files</Filter>
    </ClInclude>
    <ClInclude Include="src\FastLED-3.3.2\platforms\arm\d21\clockless_arm_d21.h">
      <Filter>Header Files</Filter>
    </ClInclude>
    <ClInclude Include="src\FastLED-3.3.2\platforms\arm\d21\fastled_arm_d21.h">
      <Filter>Header Files</Filter>
    </ClInclude>
    <ClInclude Include="src\FastLED-3.3.2\platforms\arm\d21\fastpin_arm_d21.h">
      <Filter>Header Files</Filter>
    </ClInclude>
    <ClInclude Include="src\FastLED-3.3.2\platforms\arm\d21\led_sysdefs_arm_d21.h">
      <Filter>Header Files</Filter>
    </ClInclude>
    <ClInclude Include="src\FastLED-3.3.2\platforms\arm\d51\clockless_arm_d51.h">
      <Filter>Header Files</Filter>
    </ClInclude>
    <ClInclude Include="src\FastLED-3.3.2\platforms\arm\d51\fastled_arm_d51.h">
      <Filter>Header Files</Filter>
    </ClInclude>
    <ClInclude Include="src\FastLED-3.3.2\platforms\arm\d51\fastpin_arm_d51.h">
      <Filter>Header Files</Filter>
    </ClInclude>
    <ClInclude Include="src\FastLED-3.3.2\platforms\arm\d51\led_sysdefs_arm_d51.h">
      <Filter>Header Files</Filter>
    </ClInclude>
    <ClInclude Include="src\FastLED-3.3.2\platforms\arm\k20\clockless_arm_k20.h">
      <Filter>Header Files</Filter>
    </ClInclude>
    <ClInclude Include="src\FastLED-3.3.2\platforms\arm\k20\clockless_block_arm_k20.h">
      <Filter>Header Files</Filter>
    </ClInclude>
    <ClInclude Include="src\FastLED-3.3.2\platforms\arm\k20\fastled_arm_k20.h">
      <Filter>Header Files</Filter>
    </ClInclude>
    <ClInclude Include="src\FastLED-3.3.2\platforms\arm\k20\fastpin_arm_k20.h">
      <Filter>Header Files</Filter>
    </ClInclude>
    <ClInclude Include="src\FastLED-3.3.2\platforms\arm\k20\fastspi_arm_k20.h">
      <Filter>Header Files</Filter>
    </ClInclude>
    <ClInclude Include="src\FastLED-3.3.2\platforms\arm\k20\led_sysdefs_arm_k20.h">
      <Filter>Header Files</Filter>
    </ClInclude>
    <ClInclude Include="src\FastLED-3.3.2\platforms\arm\k20\octows2811_controller.h">
      <Filter>Header Files</Filter>
    </ClInclude>
    <ClInclude Include="src\FastLED-3.3.2\platforms\arm\k20\smartmatrix_t3.h">
      <Filter>Header Files</Filter>
    </ClInclude>
    <ClInclude Include="src\FastLED-3.3.2\platforms\arm\k20\ws2812serial_controller.h">
      <Filter>Header Files</Filter>
    </ClInclude>
    <ClInclude Include="src\FastLED-3.3.2\platforms\arm\k66\clockless_arm_k66.h">
      <Filter>Header Files</Filter>
    </ClInclude>
    <ClInclude Include="src\FastLED-3.3.2\platforms\arm\k66\clockless_block_arm_k66.h">
      <Filter>Header Files</Filter>
    </ClInclude>
    <ClInclude Include="src\FastLED-3.3.2\platforms\arm\k66\fastled_arm_k66.h">
      <Filter>Header Files</Filter>
    </ClInclude>
    <ClInclude Include="src\FastLED-3.3.2\platforms\arm\k66\fastpin_arm_k66.h">
      <Filter>Header Files</Filter>
    </ClInclude>
    <ClInclude Include="src\FastLED-3.3.2\platforms\arm\k66\fastspi_arm_k66.h">
      <Filter>Header Files</Filter>
    </ClInclude>
    <ClInclude Include="src\FastLED-3.3.2\platforms\arm\k66\led_sysdefs_arm_k66.h">
      <Filter>Header Files</Filter>
    </ClInclude>
    <ClInclude Include="src\FastLED-3.3.2\platforms\arm\kl26\clockless_arm_kl26.h">
      <Filter>Header Files</Filter>
    </ClInclude>
    <ClInclude Include="src\FastLED-3.3.2\platforms\arm\kl26\fastled_arm_kl26.h">
      <Filter>Header Files</Filter>
    </ClInclude>
    <ClInclude Include="src\FastLED-3.3.2\platforms\arm\kl26\fastpin_arm_kl26.h">
      <Filter>Header Files</Filter>
    </ClInclude>
    <ClInclude Include="src\FastLED-3.3.2\platforms\arm\kl26\fastspi_arm_kl26.h">
      <Filter>Header Files</Filter>
    </ClInclude>
    <ClInclude Include="src\FastLED-3.3.2\platforms\arm\kl26\led_sysdefs_arm_kl26.h">
      <Filter>Header Files</Filter>
    </ClInclude>
    <ClInclude Include="src\FastLED-3.3.2\platforms\arm\mxrt1062\block_clockless_arm_mxrt1062.h">
      <Filter>Header Files</Filter>
    </ClInclude>
    <ClInclude Include="src\FastLED-3.3.2\platforms\arm\mxrt1062\clockless_arm_mxrt1062.h">
      <Filter>Header Files</Filter>
    </ClInclude>
    <ClInclude Include="src\FastLED-3.3.2\platforms\arm\mxrt1062\fastled_arm_mxrt1062.h">
      <Filter>Header Files</Filter>
    </ClInclude>
    <ClInclude Include="src\FastLED-3.3.2\platforms\arm\mxrt1062\fastpin_arm_mxrt1062.h">
      <Filter>Header Files</Filter>
    </ClInclude>
    <ClInclude Include="src\FastLED-3.3.2\platforms\arm\mxrt1062\fastspi_arm_mxrt1062.h">
      <Filter>Header Files</Filter>
    </ClInclude>
    <ClInclude Include="src\FastLED-3.3.2\platforms\arm\mxrt1062\led_sysdefs_arm_mxrt1062.h">
      <Filter>Header Files</Filter>
    </ClInclude>
    <ClInclude Include="src\FastLED-3.3.2\platforms\arm\nrf51\clockless_arm_nrf51.h">
      <Filter>Header Files</Filter>
    </ClInclude>
    <ClInclude Include="src\FastLED-3.3.2\platforms\arm\nrf51\fastled_arm_nrf51.h">
      <Filter>Header Files</Filter>
    </ClInclude>
    <ClInclude Include="src\FastLED-3.3.2\platforms\arm\nrf51\fastpin_arm_nrf51.h">
      <Filter>Header Files</Filter>
    </ClInclude>
    <ClInclude Include="src\FastLED-3.3.2\platforms\arm\nrf51\fastspi_arm_nrf51.h">
      <Filter>Header Files</Filter>
    </ClInclude>
    <ClInclude Include="src\FastLED-3.3.2\platforms\arm\nrf51\led_sysdefs_arm_nrf51.h">
      <Filter>Header Files</Filter>
    </ClInclude>
    <ClInclude Include="src\FastLED-3.3.2\platforms\arm\nrf52\arbiter_nrf52.h">
      <Filter>Header Files</Filter>
    </ClInclude>
    <ClInclude Include="src\FastLED-3.3.2\platforms\arm\nrf52\clockless_arm_nrf52.h">
      <Filter>Header Files</Filter>
    </ClInclude>
    <ClInclude Include="src\FastLED-3.3.2\platforms\arm\nrf52\fastled_arm_nrf52.h">
      <Filter>Header Files</Filter>
    </ClInclude>
    <ClInclude Include="src\FastLED-3.3.2\platforms\arm\nrf52\fastpin_arm_nrf52.h">
      <Filter>Header Files</Filter>
    </ClInclude>
    <ClInclude Include="src\FastLED-3.3.2\platforms\arm\nrf52\fastpin_arm_nrf52_variants.h">
      <Filter>Header Files</Filter>
    </ClInclude>
    <ClInclude Include="src\FastLED-3.3.2\platforms\arm\nrf52\fastspi_arm_nrf52.h">
      <Filter>Header Files</Filter>
    </ClInclude>
    <ClInclude Include="src\FastLED-3.3.2\platforms\arm\nrf52\led_sysdefs_arm_nrf52.h">
      <Filter>Header Files</Filter>
    </ClInclude>
    <ClInclude Include="src\FastLED-3.3.2\platforms\arm\sam\clockless_arm_sam.h">
      <Filter>Header Files</Filter>
    </ClInclude>
    <ClInclude Include="src\FastLED-3.3.2\platforms\arm\sam\clockless_block_arm_sam.h">
      <Filter>Header Files</Filter>
    </ClInclude>
    <ClInclude Include="src\FastLED-3.3.2\platforms\arm\sam\fastled_arm_sam.h">
      <Filter>Header Files</Filter>
    </ClInclude>
    <ClInclude Include="src\FastLED-3.3.2\platforms\arm\sam\fastpin_arm_sam.h">
      <Filter>Header Files</Filter>
    </ClInclude>
    <ClInclude Include="src\FastLED-3.3.2\platforms\arm\sam\fastspi_arm_sam.h">
      <Filter>Header Files</Filter>
    </ClInclude>
    <ClInclude Include="src\FastLED-3.3.2\platforms\arm\sam\led_sysdefs_arm_sam.h">
      <Filter>Header Files</Filter>
    </ClInclude>
    <ClInclude Include="src\FastLED-3.3.2\platforms\arm\stm32\clockless_arm_stm32.h">
      <Filter>Header Files</Filter>
    </ClInclude>
    <ClInclude Include="src\FastLED-3.3.2\platforms\arm\stm32\cm3_regs.h">
      <Filter>Header Files</Filter>
    </ClInclude>
    <ClInclude Include="src\FastLED-3.3.2\platforms\arm\stm32\fastled_arm_stm32.h">
      <Filter>Header Files</Filter>
    </ClInclude>
    <ClInclude Include="src\FastLED-3.3.2\platforms\arm\stm32\fastpin_arm_stm32.h">
      <Filter>Header Files</Filter>
    </ClInclude>
    <ClInclude Include="src\FastLED-3.3.2\platforms\arm\stm32\led_sysdefs_arm_stm32.h">
      <Filter>Header Files</Filter>
    </ClInclude>
  </ItemGroup>
</Project>